schema: '2.0'
stages:
  train:
    cmd: python pretrained_model_tuner.py
    deps:
    - path: hymenoptera_data/
      hash: md5
      md5: 5541a96fc6b9ced1bfc39f068d9e8a4f.dir
      size: 47385924
      nfiles: 398
    - path: pretrained_model_tuner.py
      hash: md5
      md5: 00db3b1900dac6f47b45f3bc3ea8b4b1
      size: 7922
    params:
      params.yaml:
        batch_size: 10
        lr: 0.001
        model_name: squeezenet
        momentum: 0.01
        num_classes: 2
        num_epochs: 2
    outs:
    - path: model.pt
      hash: md5
      md5: 78f51eae003fcc5efa8ffdabf21775ed
      size: 2961418
